
Microsoft Visual Studio Solution File, Format Version 12.00
# Visual Studio Version 17
VisualStudioVersion = 17.6.33815.320
MinimumVisualStudioVersion = 10.0.40219.1
Project("{FAE04EC0-301F-11D3-BF4B-00C04F79EFBC}") = "FileTranserProxy", "FileTranserProxy.csproj", "{73991D4A-2842-4CAE-B524-A6F07CA14A79}"
EndProject
Global
	GlobalSection(SolutionConfigurationPlatforms) = preSolution
		Debug|Any CPU = Debug|Any CPU
		Release|Any CPU = Release|Any CPU
	EndGlobalSection
	GlobalSection(ProjectConfigurationPlatforms) = postSolution
		{73991D4A-2842-4CAE-B524-A6F07CA14A79}.Debug|Any CPU.ActiveCfg = Debug|Any CPU
		{73991D4A-2842-4CAE-B524-A6F07CA14A79}.Debug|Any CPU.Build.0 = Debug|Any CPU
		{73991D4A-2842-4CAE-B524-A6F07CA14A79}.Release|Any CPU.ActiveCfg = Release|Any CPU
		{73991D4A-2842-4CAE-B524-A6F07CA14A79}.Release|Any CPU.Build.0 = Release|Any CPU
	EndGlobalSection
	GlobalSection(SolutionProperties) = preSolution
		HideSolutionNode = FALSE
	EndGlobalSection
	GlobalSection(ExtensibilityGlobals) = postSolution
		SolutionGuid = {C42A308D-01D9-4774-BB65-2F742235F05A}
	EndGlobalSection
EndGlobal
